
Microsoft Visual Studio Solution File, Format Version 12.00
# Visual Studio Version 16
VisualStudioVersion = 16.0.28803.352
MinimumVisualStudioVersion = 10.0.40219.1
Project("{FAE04EC0-301F-11D3-BF4B-00C04F79EFBC}") = "Karen", "Karen\Karen.csproj", "{F7F2AB44-366A-4787-B3C6-72DB7C790C8D}"
EndProject
Global
	GlobalSection(SolutionConfigurationPlatforms) = preSolution
		Debug|Any CPU = Debug|Any CPU
		Release|Any CPU = Release|Any CPU
	EndGlobalSection
	GlobalSection(ProjectConfigurationPlatforms) = postSolution
		{F7F2AB44-366A-4787-B3C6-72DB7C790C8D}.Debug|Any CPU.ActiveCfg = Debug|Any CPU
		{F7F2AB44-366A-4787-B3C6-72DB7C790C8D}.Debug|Any CPU.Build.0 = Debug|Any CPU
		{F7F2AB44-366A-4787-B3C6-72DB7C790C8D}.Release|Any CPU.ActiveCfg = Release|Any CPU
		{F7F2AB44-366A-4787-B3C6-72DB7C790C8D}.Release|Any CPU.Build.0 = Release|Any CPU
	EndGlobalSection
	GlobalSection(SolutionProperties) = preSolution
		HideSolutionNode = FALSE
	EndGlobalSection
	GlobalSection(ExtensibilityGlobals) = postSolution
		SolutionGuid = {8E17079F-DBB0-4733-8D26-131F242E8251}
	EndGlobalSection
EndGlobal
